
Microsoft Visual Studio Solution File, Format Version 12.00
# Visual Studio Version 17
VisualStudioVersion = 17.4.33205.214
MinimumVisualStudioVersion = 10.0.40219.1
Project("{FAE04EC0-301F-11D3-BF4B-00C04F79EFBC}") = "SacramentMeetingPlanner", "SacramentMeetingPlanner.csproj", "{47FBE08C-A1AB-4AD5-ACBD-E57B761B661D}"
EndProject
Global
	GlobalSection(SolutionConfigurationPlatforms) = preSolution
		Debug|Any CPU = Debug|Any CPU
		Release|Any CPU = Release|Any CPU
	EndGlobalSection
	GlobalSection(ProjectConfigurationPlatforms) = postSolution
		{47FBE08C-A1AB-4AD5-ACBD-E57B761B661D}.Debug|Any CPU.ActiveCfg = Debug|Any CPU
		{47FBE08C-A1AB-4AD5-ACBD-E57B761B661D}.Debug|Any CPU.Build.0 = Debug|Any CPU
		{47FBE08C-A1AB-4AD5-ACBD-E57B761B661D}.Release|Any CPU.ActiveCfg = Release|Any CPU
		{47FBE08C-A1AB-4AD5-ACBD-E57B761B661D}.Release|Any CPU.Build.0 = Release|Any CPU
	EndGlobalSection
	GlobalSection(SolutionProperties) = preSolution
		HideSolutionNode = FALSE
	EndGlobalSection
	GlobalSection(ExtensibilityGlobals) = postSolution
		SolutionGuid = {DBA09E45-59EE-4F72-9F82-6F59A5F4BCAE}
	EndGlobalSection
EndGlobal
